
Microsoft Visual Studio Solution File, Format Version 12.00
# Visual Studio Version 16
VisualStudioVersion = 16.6.30114.105
MinimumVisualStudioVersion = 10.0.40219.1
Project("{2150E333-8FDC-42A3-9474-1A3956D46DE8}") = "src", "src", "{F486F0EF-833E-4943-BF96-5068AE030BFC}"
EndProject
Project("{FAE04EC0-301F-11D3-BF4B-00C04F79EFBC}") = "Manager.API", "src\Manager.API\Manager.API.csproj", "{1F3DA62F-4FC3-4A9F-BEDC-4A1E9C271640}"
EndProject
Project("{FAE04EC0-301F-11D3-BF4B-00C04F79EFBC}") = "Manager.Core", "src\Manager.Core\Manager.Core.csproj", "{1A9190B2-6431-44D8-B8AD-E676C61D296E}"
EndProject
Project("{FAE04EC0-301F-11D3-BF4B-00C04F79EFBC}") = "Manager.Domain", "src\Manager.Domain\Manager.Domain.csproj", "{DD9AC236-AE7C-49F4-822F-8D11888D7568}"
EndProject
Project("{FAE04EC0-301F-11D3-BF4B-00C04F79EFBC}") = "Manager.Infra", "src\Manager.Infra\Manager.Infra.csproj", "{7C2F7F46-2D42-44BC-8130-BFC5A44EA958}"
EndProject
Project("{FAE04EC0-301F-11D3-BF4B-00C04F79EFBC}") = "Manager.Services", "src\Manager.Services\Manager.Services.csproj", "{AD0D5130-4D9A-4782-ADA0-63C430568C78}"
EndProject
Global
	GlobalSection(SolutionConfigurationPlatforms) = preSolution
		Debug|Any CPU = Debug|Any CPU
		Debug|x64 = Debug|x64
		Debug|x86 = Debug|x86
		Release|Any CPU = Release|Any CPU
		Release|x64 = Release|x64
		Release|x86 = Release|x86
	EndGlobalSection
	GlobalSection(SolutionProperties) = preSolution
		HideSolutionNode = FALSE
	EndGlobalSection
	GlobalSection(ProjectConfigurationPlatforms) = postSolution
		{1F3DA62F-4FC3-4A9F-BEDC-4A1E9C271640}.Debug|Any CPU.ActiveCfg = Debug|Any CPU
		{1F3DA62F-4FC3-4A9F-BEDC-4A1E9C271640}.Debug|Any CPU.Build.0 = Debug|Any CPU
		{1F3DA62F-4FC3-4A9F-BEDC-4A1E9C271640}.Debug|x64.ActiveCfg = Debug|Any CPU
		{1F3DA62F-4FC3-4A9F-BEDC-4A1E9C271640}.Debug|x64.Build.0 = Debug|Any CPU
		{1F3DA62F-4FC3-4A9F-BEDC-4A1E9C271640}.Debug|x86.ActiveCfg = Debug|Any CPU
		{1F3DA62F-4FC3-4A9F-BEDC-4A1E9C271640}.Debug|x86.Build.0 = Debug|Any CPU
		{1F3DA62F-4FC3-4A9F-BEDC-4A1E9C271640}.Release|Any CPU.ActiveCfg = Release|Any CPU
		{1F3DA62F-4FC3-4A9F-BEDC-4A1E9C271640}.Release|Any CPU.Build.0 = Release|Any CPU
		{1F3DA62F-4FC3-4A9F-BEDC-4A1E9C271640}.Release|x64.ActiveCfg = Release|Any CPU
		{1F3DA62F-4FC3-4A9F-BEDC-4A1E9C271640}.Release|x64.Build.0 = Release|Any CPU
		{1F3DA62F-4FC3-4A9F-BEDC-4A1E9C271640}.Release|x86.ActiveCfg = Release|Any CPU
		{1F3DA62F-4FC3-4A9F-BEDC-4A1E9C271640}.Release|x86.Build.0 = Release|Any CPU
		{1A9190B2-6431-44D8-B8AD-E676C61D296E}.Debug|Any CPU.ActiveCfg = Debug|Any CPU
		{1A9190B2-6431-44D8-B8AD-E676C61D296E}.Debug|Any CPU.Build.0 = Debug|Any CPU
		{1A9190B2-6431-44D8-B8AD-E676C61D296E}.Debug|x64.ActiveCfg = Debug|Any CPU
		{1A9190B2-6431-44D8-B8AD-E676C61D296E}.Debug|x64.Build.0 = Debug|Any CPU
		{1A9190B2-6431-44D8-B8AD-E676C61D296E}.Debug|x86.ActiveCfg = Debug|Any CPU
		{1A9190B2-6431-44D8-B8AD-E676C61D296E}.Debug|x86.Build.0 = Debug|Any CPU
		{1A9190B2-6431-44D8-B8AD-E676C61D296E}.Release|Any CPU.ActiveCfg = Release|Any CPU
		{1A9190B2-6431-44D8-B8AD-E676C61D296E}.Release|Any CPU.Build.0 = Release|Any CPU
		{1A9190B2-6431-44D8-B8AD-E676C61D296E}.Release|x64.ActiveCfg = Release|Any CPU
		{1A9190B2-6431-44D8-B8AD-E676C61D296E}.Release|x64.Build.0 = Release|Any CPU
		{1A9190B2-6431-44D8-B8AD-E676C61D296E}.Release|x86.ActiveCfg = Release|Any CPU
		{1A9190B2-6431-44D8-B8AD-E676C61D296E}.Release|x86.Build.0 = Release|Any CPU
		{DD9AC236-AE7C-49F4-822F-8D11888D7568}.Debug|Any CPU.ActiveCfg = Debug|Any CPU
		{DD9AC236-AE7C-49F4-822F-8D11888D7568}.Debug|Any CPU.Build.0 = Debug|Any CPU
		{DD9AC236-AE7C-49F4-822F-8D11888D7568}.Debug|x64.ActiveCfg = Debug|Any CPU
		{DD9AC236-AE7C-49F4-822F-8D11888D7568}.Debug|x64.Build.0 = Debug|Any CPU
		{DD9AC236-AE7C-49F4-822F-8D11888D7568}.Debug|x86.ActiveCfg = Debug|Any CPU
		{DD9AC236-AE7C-49F4-822F-8D11888D7568}.Debug|x86.Build.0 = Debug|Any CPU
		{DD9AC236-AE7C-49F4-822F-8D11888D7568}.Release|Any CPU.ActiveCfg = Release|Any CPU
		{DD9AC236-AE7C-49F4-822F-8D11888D7568}.Release|Any CPU.Build.0 = Release|Any CPU
		{DD9AC236-AE7C-49F4-822F-8D11888D7568}.Release|x64.ActiveCfg = Release|Any CPU
		{DD9AC236-AE7C-49F4-822F-8D11888D7568}.Release|x64.Build.0 = Release|Any CPU
		{DD9AC236-AE7C-49F4-822F-8D11888D7568}.Release|x86.ActiveCfg = Release|Any CPU
		{DD9AC236-AE7C-49F4-822F-8D11888D7568}.Release|x86.Build.0 = Release|Any CPU
		{7C2F7F46-2D42-44BC-8130-BFC5A44EA958}.Debug|Any CPU.ActiveCfg = Debug|Any CPU
		{7C2F7F46-2D42-44BC-8130-BFC5A44EA958}.Debug|Any CPU.Build.0 = Debug|Any CPU
		{7C2F7F46-2D42-44BC-8130-BFC5A44EA958}.Debug|x64.ActiveCfg = Debug|Any CPU
		{7C2F7F46-2D42-44BC-8130-BFC5A44EA958}.Debug|x64.Build.0 = Debug|Any CPU
		{7C2F7F46-2D42-44BC-8130-BFC5A44EA958}.Debug|x86.ActiveCfg = Debug|Any CPU
		{7C2F7F46-2D42-44BC-8130-BFC5A44EA958}.Debug|x86.Build.0 = Debug|Any CPU
		{7C2F7F46-2D42-44BC-8130-BFC5A44EA958}.Release|Any CPU.ActiveCfg = Release|Any CPU
		{7C2F7F46-2D42-44BC-8130-BFC5A44EA958}.Release|Any CPU.Build.0 = Release|Any CPU
		{7C2F7F46-2D42-44BC-8130-BFC5A44EA958}.Release|x64.ActiveCfg = Release|Any CPU
		{7C2F7F46-2D42-44BC-8130-BFC5A44EA958}.Release|x64.Build.0 = Release|Any CPU
		{7C2F7F46-2D42-44BC-8130-BFC5A44EA958}.Release|x86.ActiveCfg = Release|Any CPU
		{7C2F7F46-2D42-44BC-8130-BFC5A44EA958}.Release|x86.Build.0 = Release|Any CPU
		{AD0D5130-4D9A-4782-ADA0-63C430568C78}.Debug|Any CPU.ActiveCfg = Debug|Any CPU
		{AD0D5130-4D9A-4782-ADA0-63C430568C78}.Debug|Any CPU.Build.0 = Debug|Any CPU
		{AD0D5130-4D9A-4782-ADA0-63C430568C78}.Debug|x64.ActiveCfg = Debug|Any CPU
		{AD0D5130-4D9A-4782-ADA0-63C430568C78}.Debug|x64.Build.0 = Debug|Any CPU
		{AD0D5130-4D9A-4782-ADA0-63C430568C78}.Debug|x86.ActiveCfg = Debug|Any CPU
		{AD0D5130-4D9A-4782-ADA0-63C430568C78}.Debug|x86.Build.0 = Debug|Any CPU
		{AD0D5130-4D9A-4782-ADA0-63C430568C78}.Release|Any CPU.ActiveCfg = Release|Any CPU
		{AD0D5130-4D9A-4782-ADA0-63C430568C78}.Release|Any CPU.Build.0 = Release|Any CPU
		{AD0D5130-4D9A-4782-ADA0-63C430568C78}.Release|x64.ActiveCfg = Release|Any CPU
		{AD0D5130-4D9A-4782-ADA0-63C430568C78}.Release|x64.Build.0 = Release|Any CPU
		{AD0D5130-4D9A-4782-ADA0-63C430568C78}.Release|x86.ActiveCfg = Release|Any CPU
		{AD0D5130-4D9A-4782-ADA0-63C430568C78}.Release|x86.Build.0 = Release|Any CPU
	EndGlobalSection
	GlobalSection(NestedProjects) = preSolution
		{1F3DA62F-4FC3-4A9F-BEDC-4A1E9C271640} = {F486F0EF-833E-4943-BF96-5068AE030BFC}
		{1A9190B2-6431-44D8-B8AD-E676C61D296E} = {F486F0EF-833E-4943-BF96-5068AE030BFC}
		{DD9AC236-AE7C-49F4-822F-8D11888D7568} = {F486F0EF-833E-4943-BF96-5068AE030BFC}
		{7C2F7F46-2D42-44BC-8130-BFC5A44EA958} = {F486F0EF-833E-4943-BF96-5068AE030BFC}
		{AD0D5130-4D9A-4782-ADA0-63C430568C78} = {F486F0EF-833E-4943-BF96-5068AE030BFC}
	EndGlobalSection
EndGlobal
